// !$*UTF8*$!
{
	archiveVersion = 1;
	classes = {
	};
	objectVersion = 56;
	objects = {

/* Begin PBXBuildFile section */
		CB3236F228D880A00098AF14 /* TabBarViewController.swift in Sources */ = {isa = PBXBuildFile; fileRef = CB3236F128D880A00098AF14 /* TabBarViewController.swift */; };
		CB3236F528D881A10098AF14 /* RxSwift in Frameworks */ = {isa = PBXBuildFile; productRef = CB3236F428D881A10098AF14 /* RxSwift */; };
		CB83311428D8AFB500F6ED1B /* ViewController.swift in Sources */ = {isa = PBXBuildFile; fileRef = D4BB0E2728D86F7900E28C3D /* ViewController.swift */; };
		CB83311628D8B42A00F6ED1B /* ConversationController.swift in Sources */ = {isa = PBXBuildFile; fileRef = CB83311528D8B42A00F6ED1B /* ConversationController.swift */; };
		CB83311C28D8BEC400F6ED1B /* FeedController.swift in Sources */ = {isa = PBXBuildFile; fileRef = CB83311B28D8BEC400F6ED1B /* FeedController.swift */; };
		CB83312228D8BFCF00F6ED1B /* ProfileController.swift in Sources */ = {isa = PBXBuildFile; fileRef = CB83312128D8BFCF00F6ED1B /* ProfileController.swift */; };
		CB83312828D8C04100F6ED1B /* MissionController.swift in Sources */ = {isa = PBXBuildFile; fileRef = CB83312728D8C04100F6ED1B /* MissionController.swift */; };
		CB83312B28D8CD4B00F6ED1B /* Conversation.swift in Sources */ = {isa = PBXBuildFile; fileRef = CB83312A28D8CD4B00F6ED1B /* Conversation.swift */; };
		CB83312E28D8D2E800F6ED1B /* ConversationCell.swift in Sources */ = {isa = PBXBuildFile; fileRef = CB83312D28D8D2E800F6ED1B /* ConversationCell.swift */; };
		CB83313228D8DD0800F6ED1B /* ChatController.swift in Sources */ = {isa = PBXBuildFile; fileRef = CB83313128D8DD0700F6ED1B /* ChatController.swift */; };
		D4BB0E2428D86F7900E28C3D /* AppDelegate.swift in Sources */ = {isa = PBXBuildFile; fileRef = D4BB0E2328D86F7900E28C3D /* AppDelegate.swift */; };
		D4BB0E2628D86F7900E28C3D /* SceneDelegate.swift in Sources */ = {isa = PBXBuildFile; fileRef = D4BB0E2528D86F7900E28C3D /* SceneDelegate.swift */; };
		D4BB0E2B28D86F7900E28C3D /* Main.storyboard in Resources */ = {isa = PBXBuildFile; fileRef = D4BB0E2928D86F7900E28C3D /* Main.storyboard */; };
		D4BB0E2D28D86F7A00E28C3D /* Assets.xcassets in Resources */ = {isa = PBXBuildFile; fileRef = D4BB0E2C28D86F7A00E28C3D /* Assets.xcassets */; };
		D4BB0E3028D86F7A00E28C3D /* LaunchScreen.storyboard in Resources */ = {isa = PBXBuildFile; fileRef = D4BB0E2E28D86F7A00E28C3D /* LaunchScreen.storyboard */; };
		D4BB0E6228D8746000E28C3D /* FirebaseAuth in Frameworks */ = {isa = PBXBuildFile; productRef = D4BB0E6128D8746000E28C3D /* FirebaseAuth */; };
		D4BB0E6428D8746000E28C3D /* FirebaseDatabase in Frameworks */ = {isa = PBXBuildFile; productRef = D4BB0E6328D8746000E28C3D /* FirebaseDatabase */; };
		D4BB0E6628D8746000E28C3D /* FirebaseFirestore in Frameworks */ = {isa = PBXBuildFile; productRef = D4BB0E6528D8746000E28C3D /* FirebaseFirestore */; };
		D4BB0E6828D8746000E28C3D /* FirebaseFunctions in Frameworks */ = {isa = PBXBuildFile; productRef = D4BB0E6728D8746000E28C3D /* FirebaseFunctions */; };
		D4BB0E6A28D8746000E28C3D /* FirebaseStorage in Frameworks */ = {isa = PBXBuildFile; productRef = D4BB0E6928D8746000E28C3D /* FirebaseStorage */; };
		D4BB0E6D28D8751200E28C3D /* SnapKit in Frameworks */ = {isa = PBXBuildFile; productRef = D4BB0E6C28D8751200E28C3D /* SnapKit */; };
/* End PBXBuildFile section */

/* Begin PBXFileReference section */
		CB3236F128D880A00098AF14 /* TabBarViewController.swift */ = {isa = PBXFileReference; lastKnownFileType = sourcecode.swift; path = TabBarViewController.swift; sourceTree = "<group>"; };
		CB83311528D8B42A00F6ED1B /* ConversationController.swift */ = {isa = PBXFileReference; lastKnownFileType = sourcecode.swift; path = ConversationController.swift; sourceTree = "<group>"; };
		CB83311B28D8BEC400F6ED1B /* FeedController.swift */ = {isa = PBXFileReference; lastKnownFileType = sourcecode.swift; path = FeedController.swift; sourceTree = "<group>"; };
		CB83312128D8BFCF00F6ED1B /* ProfileController.swift */ = {isa = PBXFileReference; lastKnownFileType = sourcecode.swift; path = ProfileController.swift; sourceTree = "<group>"; };
		CB83312728D8C04100F6ED1B /* MissionController.swift */ = {isa = PBXFileReference; lastKnownFileType = sourcecode.swift; path = MissionController.swift; sourceTree = "<group>"; };
		CB83312A28D8CD4B00F6ED1B /* Conversation.swift */ = {isa = PBXFileReference; lastKnownFileType = sourcecode.swift; path = Conversation.swift; sourceTree = "<group>"; };
		CB83312D28D8D2E800F6ED1B /* ConversationCell.swift */ = {isa = PBXFileReference; lastKnownFileType = sourcecode.swift; path = ConversationCell.swift; sourceTree = "<group>"; };
		CB83313128D8DD0700F6ED1B /* ChatController.swift */ = {isa = PBXFileReference; lastKnownFileType = sourcecode.swift; path = ChatController.swift; sourceTree = "<group>"; };
		D4BB0E2028D86F7900E28C3D /* UniBuzz.app */ = {isa = PBXFileReference; explicitFileType = wrapper.application; includeInIndex = 0; path = UniBuzz.app; sourceTree = BUILT_PRODUCTS_DIR; };
		D4BB0E2328D86F7900E28C3D /* AppDelegate.swift */ = {isa = PBXFileReference; lastKnownFileType = sourcecode.swift; path = AppDelegate.swift; sourceTree = "<group>"; };
		D4BB0E2528D86F7900E28C3D /* SceneDelegate.swift */ = {isa = PBXFileReference; lastKnownFileType = sourcecode.swift; path = SceneDelegate.swift; sourceTree = "<group>"; };
		D4BB0E2728D86F7900E28C3D /* ViewController.swift */ = {isa = PBXFileReference; lastKnownFileType = sourcecode.swift; path = ViewController.swift; sourceTree = "<group>"; };
		D4BB0E2A28D86F7900E28C3D /* Base */ = {isa = PBXFileReference; lastKnownFileType = file.storyboard; name = Base; path = Base.lproj/Main.storyboard; sourceTree = "<group>"; };
		D4BB0E2C28D86F7A00E28C3D /* Assets.xcassets */ = {isa = PBXFileReference; lastKnownFileType = folder.assetcatalog; path = Assets.xcassets; sourceTree = "<group>"; };
		D4BB0E2F28D86F7A00E28C3D /* Base */ = {isa = PBXFileReference; lastKnownFileType = file.storyboard; name = Base; path = Base.lproj/LaunchScreen.storyboard; sourceTree = "<group>"; };
		D4BB0E3128D86F7A00E28C3D /* Info.plist */ = {isa = PBXFileReference; lastKnownFileType = text.plist.xml; path = Info.plist; sourceTree = "<group>"; };
/* End PBXFileReference section */

/* Begin PBXFrameworksBuildPhase section */
		D4BB0E1D28D86F7900E28C3D /* Frameworks */ = {
			isa = PBXFrameworksBuildPhase;
			buildActionMask = 2147483647;
			files = (
				D4BB0E6428D8746000E28C3D /* FirebaseDatabase in Frameworks */,
				D4BB0E6228D8746000E28C3D /* FirebaseAuth in Frameworks */,
				D4BB0E6628D8746000E28C3D /* FirebaseFirestore in Frameworks */,
				D4BB0E6D28D8751200E28C3D /* SnapKit in Frameworks */,
				D4BB0E6A28D8746000E28C3D /* FirebaseStorage in Frameworks */,
				D4BB0E6828D8746000E28C3D /* FirebaseFunctions in Frameworks */,
				CB3236F528D881A10098AF14 /* RxSwift in Frameworks */,
			);
			runOnlyForDeploymentPostprocessing = 0;
		};
/* End PBXFrameworksBuildPhase section */

/* Begin PBXGroup section */
		CB83311728D8B44400F6ED1B /* Conversations */ = {
			isa = PBXGroup;
			children = (
				CB83312C28D8D2B400F6ED1B /* View */,
				CB83312928D8CD3100F6ED1B /* Model */,
				CB83311928D8BE8C00F6ED1B /* Controller */,
			);
			path = Conversations;
			sourceTree = "<group>";
		};
		CB83311828D8BE6600F6ED1B /* Pages */ = {
			isa = PBXGroup;
			children = (
				CB83311A28D8BEA200F6ED1B /* Feeds */,
			);
			path = Pages;
			sourceTree = "<group>";
		};
		CB83311928D8BE8C00F6ED1B /* Controller */ = {
			isa = PBXGroup;
			children = (
				CB83311528D8B42A00F6ED1B /* ConversationController.swift */,
			);
			path = Controller;
			sourceTree = "<group>";
		};
		CB83311A28D8BEA200F6ED1B /* Feeds */ = {
			isa = PBXGroup;
			children = (
				CB83311B28D8BEC400F6ED1B /* FeedController.swift */,
			);
			path = Feeds;
			sourceTree = "<group>";
		};
		CB83311D28D8BF6000F6ED1B /* Profile */ = {
			isa = PBXGroup;
			children = (
				CB83311E28D8BF9C00F6ED1B /* Pages */,
			);
			path = Profile;
			sourceTree = "<group>";
		};
		CB83311E28D8BF9C00F6ED1B /* Pages */ = {
			isa = PBXGroup;
			children = (
				CB83311F28D8BFA800F6ED1B /* Profile */,
			);
			path = Pages;
			sourceTree = "<group>";
		};
		CB83311F28D8BFA800F6ED1B /* Profile */ = {
			isa = PBXGroup;
			children = (
				CB83312028D8BFB600F6ED1B /* Controller */,
			);
			path = Profile;
			sourceTree = "<group>";
		};
		CB83312028D8BFB600F6ED1B /* Controller */ = {
			isa = PBXGroup;
			children = (
				CB83312128D8BFCF00F6ED1B /* ProfileController.swift */,
			);
			path = Controller;
			sourceTree = "<group>";
		};
		CB83312328D8C01800F6ED1B /* Mission */ = {
			isa = PBXGroup;
			children = (
				CB83312428D8C02000F6ED1B /* Pages */,
			);
			path = Mission;
			sourceTree = "<group>";
		};
		CB83312428D8C02000F6ED1B /* Pages */ = {
			isa = PBXGroup;
			children = (
				CB83312528D8C02D00F6ED1B /* Missions */,
			);
			path = Pages;
			sourceTree = "<group>";
		};
		CB83312528D8C02D00F6ED1B /* Missions */ = {
			isa = PBXGroup;
			children = (
				CB83312628D8C03400F6ED1B /* Controller */,
			);
			path = Missions;
			sourceTree = "<group>";
		};
		CB83312628D8C03400F6ED1B /* Controller */ = {
			isa = PBXGroup;
			children = (
				CB83312728D8C04100F6ED1B /* MissionController.swift */,
			);
			path = Controller;
			sourceTree = "<group>";
		};
		CB83312928D8CD3100F6ED1B /* Model */ = {
			isa = PBXGroup;
			children = (
				CB83312A28D8CD4B00F6ED1B /* Conversation.swift */,
			);
			path = Model;
			sourceTree = "<group>";
		};
		CB83312C28D8D2B400F6ED1B /* View */ = {
			isa = PBXGroup;
			children = (
				CB83312D28D8D2E800F6ED1B /* ConversationCell.swift */,
			);
			path = View;
			sourceTree = "<group>";
		};
		CB83312F28D8DCD100F6ED1B /* Chat */ = {
			isa = PBXGroup;
			children = (
				CB83313028D8DCE200F6ED1B /* Controller */,
			);
			path = Chat;
			sourceTree = "<group>";
		};
		CB83313028D8DCE200F6ED1B /* Controller */ = {
			isa = PBXGroup;
			children = (
				CB83313128D8DD0700F6ED1B /* ChatController.swift */,
			);
			path = Controller;
			sourceTree = "<group>";
		};
		D4BB0E1728D86F7900E28C3D = {
			isa = PBXGroup;
			children = (
				D4BB0E2228D86F7900E28C3D /* UniBuzz */,
				D4BB0E2128D86F7900E28C3D /* Products */,
			);
			sourceTree = "<group>";
		};
		D4BB0E2128D86F7900E28C3D /* Products */ = {
			isa = PBXGroup;
			children = (
				D4BB0E2028D86F7900E28C3D /* UniBuzz.app */,
			);
			name = Products;
			sourceTree = "<group>";
		};
		D4BB0E2228D86F7900E28C3D /* UniBuzz */ = {
			isa = PBXGroup;
			children = (
				D4BB0E5328D8715D00E28C3D /* Feature */,
				D4BB0E5628D8717000E28C3D /* Utilities */,
				D4BB0E5528D8716A00E28C3D /* Themes */,
				D4BB0E5428D8716500E28C3D /* Helper */,
				D4BB0E2328D86F7900E28C3D /* AppDelegate.swift */,
				D4BB0E2528D86F7900E28C3D /* SceneDelegate.swift */,
				D4BB0E2728D86F7900E28C3D /* ViewController.swift */,
				D4BB0E2928D86F7900E28C3D /* Main.storyboard */,
				D4BB0E2C28D86F7A00E28C3D /* Assets.xcassets */,
				D4BB0E2E28D86F7A00E28C3D /* LaunchScreen.storyboard */,
				D4BB0E3128D86F7A00E28C3D /* Info.plist */,
			);
			path = UniBuzz;
			sourceTree = "<group>";
		};
		D4BB0E5328D8715D00E28C3D /* Feature */ = {
			isa = PBXGroup;
			children = (
				CB83312328D8C01800F6ED1B /* Mission */,
				CB83311D28D8BF6000F6ED1B /* Profile */,
				D4BB0E5928D8719500E28C3D /* Authentication */,
				D4BB0E5828D8719200E28C3D /* Chat */,
				D4BB0E5728D8718D00E28C3D /* Feed */,
				CB3236F128D880A00098AF14 /* TabBarViewController.swift */,
			);
			path = Feature;
			sourceTree = "<group>";
		};
		D4BB0E5428D8716500E28C3D /* Helper */ = {
			isa = PBXGroup;
			children = (
			);
			path = Helper;
			sourceTree = "<group>";
		};
		D4BB0E5528D8716A00E28C3D /* Themes */ = {
			isa = PBXGroup;
			children = (
			);
			path = Themes;
			sourceTree = "<group>";
		};
		D4BB0E5628D8717000E28C3D /* Utilities */ = {
			isa = PBXGroup;
			children = (
			);
			path = Utilities;
			sourceTree = "<group>";
		};
		D4BB0E5728D8718D00E28C3D /* Feed */ = {
			isa = PBXGroup;
			children = (
				CB83311828D8BE6600F6ED1B /* Pages */,
			);
			path = Feed;
			sourceTree = "<group>";
		};
		D4BB0E5828D8719200E28C3D /* Chat */ = {
			isa = PBXGroup;
			children = (
				D4BB0E5B28D871D100E28C3D /* Model */,
				D4BB0E5A28D871B200E28C3D /* Pages */,
			);
			path = Chat;
			sourceTree = "<group>";
		};
		D4BB0E5928D8719500E28C3D /* Authentication */ = {
			isa = PBXGroup;
			children = (
				D4BB0E5F28D871EF00E28C3D /* Model */,
				D4BB0E5C28D871DA00E28C3D /* Pages */,
			);
			path = Authentication;
			sourceTree = "<group>";
		};
		D4BB0E5A28D871B200E28C3D /* Pages */ = {
			isa = PBXGroup;
			children = (
				CB83312F28D8DCD100F6ED1B /* Chat */,
				CB83311728D8B44400F6ED1B /* Conversations */,
			);
			path = Pages;
			sourceTree = "<group>";
		};
		D4BB0E5B28D871D100E28C3D /* Model */ = {
			isa = PBXGroup;
			children = (
			);
			path = Model;
			sourceTree = "<group>";
		};
		D4BB0E5C28D871DA00E28C3D /* Pages */ = {
			isa = PBXGroup;
			children = (
				D4BB0E5E28D871EA00E28C3D /* Login */,
				D4BB0E5D28D871E300E28C3D /* Registration */,
			);
			path = Pages;
			sourceTree = "<group>";
		};
		D4BB0E5D28D871E300E28C3D /* Registration */ = {
			isa = PBXGroup;
			children = (
			);
			path = Registration;
			sourceTree = "<group>";
		};
		D4BB0E5E28D871EA00E28C3D /* Login */ = {
			isa = PBXGroup;
			children = (
			);
			path = Login;
			sourceTree = "<group>";
		};
		D4BB0E5F28D871EF00E28C3D /* Model */ = {
			isa = PBXGroup;
			children = (
			);
			path = Model;
			sourceTree = "<group>";
		};
/* End PBXGroup section */

/* Begin PBXNativeTarget section */
		D4BB0E1F28D86F7900E28C3D /* UniBuzz */ = {
			isa = PBXNativeTarget;
			buildConfigurationList = D4BB0E4A28D86F7B00E28C3D /* Build configuration list for PBXNativeTarget "UniBuzz" */;
			buildPhases = (
				D4BB0E1C28D86F7900E28C3D /* Sources */,
				D4BB0E1D28D86F7900E28C3D /* Frameworks */,
				D4BB0E1E28D86F7900E28C3D /* Resources */,
			);
			buildRules = (
			);
			dependencies = (
			);
			name = UniBuzz;
			packageProductDependencies = (
				D4BB0E6128D8746000E28C3D /* FirebaseAuth */,
				D4BB0E6328D8746000E28C3D /* FirebaseDatabase */,
				D4BB0E6528D8746000E28C3D /* FirebaseFirestore */,
				D4BB0E6728D8746000E28C3D /* FirebaseFunctions */,
				D4BB0E6928D8746000E28C3D /* FirebaseStorage */,
				D4BB0E6C28D8751200E28C3D /* SnapKit */,
				CB3236F428D881A10098AF14 /* RxSwift */,
			);
			productName = UniBuzz;
			productReference = D4BB0E2028D86F7900E28C3D /* UniBuzz.app */;
			productType = "com.apple.product-type.application";
		};
/* End PBXNativeTarget section */

/* Begin PBXProject section */
		D4BB0E1828D86F7900E28C3D /* Project object */ = {
			isa = PBXProject;
			attributes = {
				BuildIndependentTargetsInParallel = 1;
				LastSwiftUpdateCheck = 1400;
				LastUpgradeCheck = 1400;
				TargetAttributes = {
					D4BB0E1F28D86F7900E28C3D = {
						CreatedOnToolsVersion = 14.0;
					};
				};
			};
			buildConfigurationList = D4BB0E1B28D86F7900E28C3D /* Build configuration list for PBXProject "UniBuzz" */;
			compatibilityVersion = "Xcode 14.0";
			developmentRegion = en;
			hasScannedForEncodings = 0;
			knownRegions = (
				en,
				Base,
			);
			mainGroup = D4BB0E1728D86F7900E28C3D;
			packageReferences = (
				D4BB0E6028D8746000E28C3D /* XCRemoteSwiftPackageReference "firebase-ios-sdk" */,
				D4BB0E6B28D8751200E28C3D /* XCRemoteSwiftPackageReference "SnapKit" */,
				CB3236F328D881A10098AF14 /* XCRemoteSwiftPackageReference "RxSwift" */,
			);
			productRefGroup = D4BB0E2128D86F7900E28C3D /* Products */;
			projectDirPath = "";
			projectRoot = "";
			targets = (
				D4BB0E1F28D86F7900E28C3D /* UniBuzz */,
			);
		};
/* End PBXProject section */

/* Begin PBXResourcesBuildPhase section */
		D4BB0E1E28D86F7900E28C3D /* Resources */ = {
			isa = PBXResourcesBuildPhase;
			buildActionMask = 2147483647;
			files = (
				D4BB0E3028D86F7A00E28C3D /* LaunchScreen.storyboard in Resources */,
				D4BB0E2D28D86F7A00E28C3D /* Assets.xcassets in Resources */,
				D4BB0E2B28D86F7900E28C3D /* Main.storyboard in Resources */,
			);
			runOnlyForDeploymentPostprocessing = 0;
		};
/* End PBXResourcesBuildPhase section */

/* Begin PBXSourcesBuildPhase section */
		D4BB0E1C28D86F7900E28C3D /* Sources */ = {
			isa = PBXSourcesBuildPhase;
			buildActionMask = 2147483647;
			files = (
				CB83313228D8DD0800F6ED1B /* ChatController.swift in Sources */,
				CB83312828D8C04100F6ED1B /* MissionController.swift in Sources */,
				CB83312228D8BFCF00F6ED1B /* ProfileController.swift in Sources */,
				CB3236F228D880A00098AF14 /* TabBarViewController.swift in Sources */,
				CB83312B28D8CD4B00F6ED1B /* Conversation.swift in Sources */,
				CB83312E28D8D2E800F6ED1B /* ConversationCell.swift in Sources */,
				CB83311C28D8BEC400F6ED1B /* FeedController.swift in Sources */,
				CB83311628D8B42A00F6ED1B /* ConversationController.swift in Sources */,
				D4BB0E2428D86F7900E28C3D /* AppDelegate.swift in Sources */,
				CB83311428D8AFB500F6ED1B /* ViewController.swift in Sources */,
				D4BB0E2628D86F7900E28C3D /* SceneDelegate.swift in Sources */,
			);
			runOnlyForDeploymentPostprocessing = 0;
		};
/* End PBXSourcesBuildPhase section */

/* Begin PBXVariantGroup section */
		D4BB0E2928D86F7900E28C3D /* Main.storyboard */ = {
			isa = PBXVariantGroup;
			children = (
				D4BB0E2A28D86F7900E28C3D /* Base */,
			);
			name = Main.storyboard;
			sourceTree = "<group>";
		};
		D4BB0E2E28D86F7A00E28C3D /* LaunchScreen.storyboard */ = {
			isa = PBXVariantGroup;
			children = (
				D4BB0E2F28D86F7A00E28C3D /* Base */,
			);
			name = LaunchScreen.storyboard;
			sourceTree = "<group>";
		};
/* End PBXVariantGroup section */

/* Begin XCBuildConfiguration section */
		D4BB0E4828D86F7B00E28C3D /* Debug */ = {
			isa = XCBuildConfiguration;
			buildSettings = {
				ALWAYS_SEARCH_USER_PATHS = NO;
				CLANG_ANALYZER_NONNULL = YES;
				CLANG_ANALYZER_NUMBER_OBJECT_CONVERSION = YES_AGGRESSIVE;
				CLANG_CXX_LANGUAGE_STANDARD = "gnu++20";
				CLANG_ENABLE_MODULES = YES;
				CLANG_ENABLE_OBJC_ARC = YES;
				CLANG_ENABLE_OBJC_WEAK = YES;
				CLANG_WARN_BLOCK_CAPTURE_AUTORELEASING = YES;
				CLANG_WARN_BOOL_CONVERSION = YES;
				CLANG_WARN_COMMA = YES;
				CLANG_WARN_CONSTANT_CONVERSION = YES;
				CLANG_WARN_DEPRECATED_OBJC_IMPLEMENTATIONS = YES;
				CLANG_WARN_DIRECT_OBJC_ISA_USAGE = YES_ERROR;
				CLANG_WARN_DOCUMENTATION_COMMENTS = YES;
				CLANG_WARN_EMPTY_BODY = YES;
				CLANG_WARN_ENUM_CONVERSION = YES;
				CLANG_WARN_INFINITE_RECURSION = YES;
				CLANG_WARN_INT_CONVERSION = YES;
				CLANG_WARN_NON_LITERAL_NULL_CONVERSION = YES;
				CLANG_WARN_OBJC_IMPLICIT_RETAIN_SELF = YES;
				CLANG_WARN_OBJC_LITERAL_CONVERSION = YES;
				CLANG_WARN_OBJC_ROOT_CLASS = YES_ERROR;
				CLANG_WARN_QUOTED_INCLUDE_IN_FRAMEWORK_HEADER = YES;
				CLANG_WARN_RANGE_LOOP_ANALYSIS = YES;
				CLANG_WARN_STRICT_PROTOTYPES = YES;
				CLANG_WARN_SUSPICIOUS_MOVE = YES;
				CLANG_WARN_UNGUARDED_AVAILABILITY = YES_AGGRESSIVE;
				CLANG_WARN_UNREACHABLE_CODE = YES;
				CLANG_WARN__DUPLICATE_METHOD_MATCH = YES;
				COPY_PHASE_STRIP = NO;
				DEBUG_INFORMATION_FORMAT = dwarf;
				ENABLE_STRICT_OBJC_MSGSEND = YES;
				ENABLE_TESTABILITY = YES;
				GCC_C_LANGUAGE_STANDARD = gnu11;
				GCC_DYNAMIC_NO_PIC = NO;
				GCC_NO_COMMON_BLOCKS = YES;
				GCC_OPTIMIZATION_LEVEL = 0;
				GCC_PREPROCESSOR_DEFINITIONS = (
					"DEBUG=1",
					"$(inherited)",
				);
				GCC_WARN_64_TO_32_BIT_CONVERSION = YES;
				GCC_WARN_ABOUT_RETURN_TYPE = YES_ERROR;
				GCC_WARN_UNDECLARED_SELECTOR = YES;
				GCC_WARN_UNINITIALIZED_AUTOS = YES_AGGRESSIVE;
				GCC_WARN_UNUSED_FUNCTION = YES;
				GCC_WARN_UNUSED_VARIABLE = YES;
				IPHONEOS_DEPLOYMENT_TARGET = 13.0;
				MTL_ENABLE_DEBUG_INFO = INCLUDE_SOURCE;
				MTL_FAST_MATH = YES;
				ONLY_ACTIVE_ARCH = YES;
				SDKROOT = iphoneos;
				SWIFT_ACTIVE_COMPILATION_CONDITIONS = DEBUG;
				SWIFT_OPTIMIZATION_LEVEL = "-Onone";
			};
			name = Debug;
		};
		D4BB0E4928D86F7B00E28C3D /* Release */ = {
			isa = XCBuildConfiguration;
			buildSettings = {
				ALWAYS_SEARCH_USER_PATHS = NO;
				CLANG_ANALYZER_NONNULL = YES;
				CLANG_ANALYZER_NUMBER_OBJECT_CONVERSION = YES_AGGRESSIVE;
				CLANG_CXX_LANGUAGE_STANDARD = "gnu++20";
				CLANG_ENABLE_MODULES = YES;
				CLANG_ENABLE_OBJC_ARC = YES;
				CLANG_ENABLE_OBJC_WEAK = YES;
				CLANG_WARN_BLOCK_CAPTURE_AUTORELEASING = YES;
				CLANG_WARN_BOOL_CONVERSION = YES;
				CLANG_WARN_COMMA = YES;
				CLANG_WARN_CONSTANT_CONVERSION = YES;
				CLANG_WARN_DEPRECATED_OBJC_IMPLEMENTATIONS = YES;
				CLANG_WARN_DIRECT_OBJC_ISA_USAGE = YES_ERROR;
				CLANG_WARN_DOCUMENTATION_COMMENTS = YES;
				CLANG_WARN_EMPTY_BODY = YES;
				CLANG_WARN_ENUM_CONVERSION = YES;
				CLANG_WARN_INFINITE_RECURSION = YES;
				CLANG_WARN_INT_CONVERSION = YES;
				CLANG_WARN_NON_LITERAL_NULL_CONVERSION = YES;
				CLANG_WARN_OBJC_IMPLICIT_RETAIN_SELF = YES;
				CLANG_WARN_OBJC_LITERAL_CONVERSION = YES;
				CLANG_WARN_OBJC_ROOT_CLASS = YES_ERROR;
				CLANG_WARN_QUOTED_INCLUDE_IN_FRAMEWORK_HEADER = YES;
				CLANG_WARN_RANGE_LOOP_ANALYSIS = YES;
				CLANG_WARN_STRICT_PROTOTYPES = YES;
				CLANG_WARN_SUSPICIOUS_MOVE = YES;
				CLANG_WARN_UNGUARDED_AVAILABILITY = YES_AGGRESSIVE;
				CLANG_WARN_UNREACHABLE_CODE = YES;
				CLANG_WARN__DUPLICATE_METHOD_MATCH = YES;
				COPY_PHASE_STRIP = NO;
				DEBUG_INFORMATION_FORMAT = "dwarf-with-dsym";
				ENABLE_NS_ASSERTIONS = NO;
				ENABLE_STRICT_OBJC_MSGSEND = YES;
				GCC_C_LANGUAGE_STANDARD = gnu11;
				GCC_NO_COMMON_BLOCKS = YES;
				GCC_WARN_64_TO_32_BIT_CONVERSION = YES;
				GCC_WARN_ABOUT_RETURN_TYPE = YES_ERROR;
				GCC_WARN_UNDECLARED_SELECTOR = YES;
				GCC_WARN_UNINITIALIZED_AUTOS = YES_AGGRESSIVE;
				GCC_WARN_UNUSED_FUNCTION = YES;
				GCC_WARN_UNUSED_VARIABLE = YES;
				IPHONEOS_DEPLOYMENT_TARGET = 13.0;
				MTL_ENABLE_DEBUG_INFO = NO;
				MTL_FAST_MATH = YES;
				SDKROOT = iphoneos;
				SWIFT_COMPILATION_MODE = wholemodule;
				SWIFT_OPTIMIZATION_LEVEL = "-O";
				VALIDATE_PRODUCT = YES;
			};
			name = Release;
		};
		D4BB0E4B28D86F7B00E28C3D /* Debug */ = {
			isa = XCBuildConfiguration;
			buildSettings = {
				ASSETCATALOG_COMPILER_APPICON_NAME = AppIcon;
				ASSETCATALOG_COMPILER_GLOBAL_ACCENT_COLOR_NAME = AccentColor;
				CODE_SIGN_STYLE = Automatic;
				CURRENT_PROJECT_VERSION = 1;
				DEVELOPMENT_TEAM = 2CYTFH24FS;
				GENERATE_INFOPLIST_FILE = YES;
				INFOPLIST_FILE = UniBuzz/Info.plist;
				INFOPLIST_KEY_UIApplicationSupportsIndirectInputEvents = YES;
				INFOPLIST_KEY_UILaunchStoryboardName = LaunchScreen;
				INFOPLIST_KEY_UISupportedInterfaceOrientations_iPad = "UIInterfaceOrientationPortrait UIInterfaceOrientationPortraitUpsideDown UIInterfaceOrientationLandscapeLeft UIInterfaceOrientationLandscapeRight";
				INFOPLIST_KEY_UISupportedInterfaceOrientations_iPhone = "UIInterfaceOrientationPortrait UIInterfaceOrientationLandscapeLeft UIInterfaceOrientationLandscapeRight";
				LD_RUNPATH_SEARCH_PATHS = (
					"$(inherited)",
					"@executable_path/Frameworks",
				);
				MARKETING_VERSION = 1.0;
				PRODUCT_BUNDLE_IDENTIFIER = com.farhan.UniBuzz;
				PRODUCT_NAME = "$(TARGET_NAME)";
				SWIFT_EMIT_LOC_STRINGS = YES;
				SWIFT_VERSION = 5.0;
				TARGETED_DEVICE_FAMILY = "1,2";
			};
			name = Debug;
		};
		D4BB0E4C28D86F7B00E28C3D /* Release */ = {
			isa = XCBuildConfiguration;
			buildSettings = {
				ASSETCATALOG_COMPILER_APPICON_NAME = AppIcon;
				ASSETCATALOG_COMPILER_GLOBAL_ACCENT_COLOR_NAME = AccentColor;
				CODE_SIGN_STYLE = Automatic;
				CURRENT_PROJECT_VERSION = 1;
				DEVELOPMENT_TEAM = 2CYTFH24FS;
				GENERATE_INFOPLIST_FILE = YES;
				INFOPLIST_FILE = UniBuzz/Info.plist;
				INFOPLIST_KEY_UIApplicationSupportsIndirectInputEvents = YES;
				INFOPLIST_KEY_UILaunchStoryboardName = LaunchScreen;
				INFOPLIST_KEY_UISupportedInterfaceOrientations_iPad = "UIInterfaceOrientationPortrait UIInterfaceOrientationPortraitUpsideDown UIInterfaceOrientationLandscapeLeft UIInterfaceOrientationLandscapeRight";
				INFOPLIST_KEY_UISupportedInterfaceOrientations_iPhone = "UIInterfaceOrientationPortrait UIInterfaceOrientationLandscapeLeft UIInterfaceOrientationLandscapeRight";
				LD_RUNPATH_SEARCH_PATHS = (
					"$(inherited)",
					"@executable_path/Frameworks",
				);
				MARKETING_VERSION = 1.0;
				PRODUCT_BUNDLE_IDENTIFIER = com.farhan.UniBuzz;
				PRODUCT_NAME = "$(TARGET_NAME)";
				SWIFT_EMIT_LOC_STRINGS = YES;
				SWIFT_VERSION = 5.0;
				TARGETED_DEVICE_FAMILY = "1,2";
			};
			name = Release;
		};
/* End XCBuildConfiguration section */

/* Begin XCConfigurationList section */
		D4BB0E1B28D86F7900E28C3D /* Build configuration list for PBXProject "UniBuzz" */ = {
			isa = XCConfigurationList;
			buildConfigurations = (
				D4BB0E4828D86F7B00E28C3D /* Debug */,
				D4BB0E4928D86F7B00E28C3D /* Release */,
			);
			defaultConfigurationIsVisible = 0;
			defaultConfigurationName = Release;
		};
		D4BB0E4A28D86F7B00E28C3D /* Build configuration list for PBXNativeTarget "UniBuzz" */ = {
			isa = XCConfigurationList;
			buildConfigurations = (
				D4BB0E4B28D86F7B00E28C3D /* Debug */,
				D4BB0E4C28D86F7B00E28C3D /* Release */,
			);
			defaultConfigurationIsVisible = 0;
			defaultConfigurationName = Release;
		};
/* End XCConfigurationList section */

/* Begin XCRemoteSwiftPackageReference section */
		CB3236F328D881A10098AF14 /* XCRemoteSwiftPackageReference "RxSwift" */ = {
			isa = XCRemoteSwiftPackageReference;
			repositoryURL = "https://github.com/ReactiveX/RxSwift";
			requirement = {
				kind = upToNextMajorVersion;
				minimumVersion = 6.0.0;
			};
		};
		D4BB0E6028D8746000E28C3D /* XCRemoteSwiftPackageReference "firebase-ios-sdk" */ = {
			isa = XCRemoteSwiftPackageReference;
			repositoryURL = "https://github.com/firebase/firebase-ios-sdk";
			requirement = {
				kind = upToNextMajorVersion;
				minimumVersion = 9.0.0;
			};
		};
		D4BB0E6B28D8751200E28C3D /* XCRemoteSwiftPackageReference "SnapKit" */ = {
			isa = XCRemoteSwiftPackageReference;
			repositoryURL = "https://github.com/SnapKit/SnapKit.git";
			requirement = {
				branch = develop;
				kind = branch;
			};
		};
/* End XCRemoteSwiftPackageReference section */

/* Begin XCSwiftPackageProductDependency section */
		CB3236F428D881A10098AF14 /* RxSwift */ = {
			isa = XCSwiftPackageProductDependency;
			package = CB3236F328D881A10098AF14 /* XCRemoteSwiftPackageReference "RxSwift" */;
			productName = RxSwift;
		};
		D4BB0E6128D8746000E28C3D /* FirebaseAuth */ = {
			isa = XCSwiftPackageProductDependency;
			package = D4BB0E6028D8746000E28C3D /* XCRemoteSwiftPackageReference "firebase-ios-sdk" */;
			productName = FirebaseAuth;
		};
		D4BB0E6328D8746000E28C3D /* FirebaseDatabase */ = {
			isa = XCSwiftPackageProductDependency;
			package = D4BB0E6028D8746000E28C3D /* XCRemoteSwiftPackageReference "firebase-ios-sdk" */;
			productName = FirebaseDatabase;
		};
		D4BB0E6528D8746000E28C3D /* FirebaseFirestore */ = {
			isa = XCSwiftPackageProductDependency;
			package = D4BB0E6028D8746000E28C3D /* XCRemoteSwiftPackageReference "firebase-ios-sdk" */;
			productName = FirebaseFirestore;
		};
		D4BB0E6728D8746000E28C3D /* FirebaseFunctions */ = {
			isa = XCSwiftPackageProductDependency;
			package = D4BB0E6028D8746000E28C3D /* XCRemoteSwiftPackageReference "firebase-ios-sdk" */;
			productName = FirebaseFunctions;
		};
		D4BB0E6928D8746000E28C3D /* FirebaseStorage */ = {
			isa = XCSwiftPackageProductDependency;
			package = D4BB0E6028D8746000E28C3D /* XCRemoteSwiftPackageReference "firebase-ios-sdk" */;
			productName = FirebaseStorage;
		};
		D4BB0E6C28D8751200E28C3D /* SnapKit */ = {
			isa = XCSwiftPackageProductDependency;
			package = D4BB0E6B28D8751200E28C3D /* XCRemoteSwiftPackageReference "SnapKit" */;
			productName = SnapKit;
		};
/* End XCSwiftPackageProductDependency section */
	};
	rootObject = D4BB0E1828D86F7900E28C3D /* Project object */;
}
